// !$*UTF8*$!
{
	archiveVersion = 1;
	classes = {
	};
	objectVersion = 50;
	objects = {

/* Begin PBXBuildFile section */
		4E007AF32259348F0043D3D6 /* UIColorExt.swift in Sources */ = {isa = PBXBuildFile; fileRef = 4E007AF22259348F0043D3D6 /* UIColorExt.swift */; };
		4E03369C2262589800155975 /* UserDetailViewController.swift in Sources */ = {isa = PBXBuildFile; fileRef = 4E03369B2262589800155975 /* UserDetailViewController.swift */; };
		4E03369E2262737D00155975 /* UserInfoHeader.swift in Sources */ = {isa = PBXBuildFile; fileRef = 4E03369D2262737D00155975 /* UserInfoHeader.swift */; };
		4E0336A022627A8C00155975 /* UserFailCell.swift in Sources */ = {isa = PBXBuildFile; fileRef = 4E03369F22627A8C00155975 /* UserFailCell.swift */; };
		4E0336A2226292F200155975 /* Constants.swift in Sources */ = {isa = PBXBuildFile; fileRef = 4E0336A1226292F200155975 /* Constants.swift */; };
		4E7F36A8227024BF00D73704 /* HoverViewFlowLayout.swift in Sources */ = {isa = PBXBuildFile; fileRef = 4E7F36A7227024BF00D73704 /* HoverViewFlowLayout.swift */; };
		4E96898B224DCD9000D2B6F5 /* AppDelegate.swift in Sources */ = {isa = PBXBuildFile; fileRef = 4E96898A224DCD9000D2B6F5 /* AppDelegate.swift */; };
		4E968990224DCD9000D2B6F5 /* Main.storyboard in Resources */ = {isa = PBXBuildFile; fileRef = 4E96898E224DCD9000D2B6F5 /* Main.storyboard */; };
		4E968992224DCD9100D2B6F5 /* Assets.xcassets in Resources */ = {isa = PBXBuildFile; fileRef = 4E968991224DCD9100D2B6F5 /* Assets.xcassets */; };
		4E968995224DCD9100D2B6F5 /* LaunchScreen.storyboard in Resources */ = {isa = PBXBuildFile; fileRef = 4E968993224DCD9100D2B6F5 /* LaunchScreen.storyboard */; };
		4E96899E224DCEC300D2B6F5 /* FailViewController.swift in Sources */ = {isa = PBXBuildFile; fileRef = 4E96899D224DCEC300D2B6F5 /* FailViewController.swift */; };
		4E9689A1224DD08400D2B6F5 /* Models.swift in Sources */ = {isa = PBXBuildFile; fileRef = 4E9689A0224DD08400D2B6F5 /* Models.swift */; };
		4E9689A5224DD12500D2B6F5 /* LSFService.swift in Sources */ = {isa = PBXBuildFile; fileRef = 4E9689A3224DD12500D2B6F5 /* LSFService.swift */; };
		4E9689A6224DD12500D2B6F5 /* LSFNetworkService.swift in Sources */ = {isa = PBXBuildFile; fileRef = 4E9689A4224DD12500D2B6F5 /* LSFNetworkService.swift */; };
		4E9689A9224DD37500D2B6F5 /* LSFLog.swift in Sources */ = {isa = PBXBuildFile; fileRef = 4E9689A8224DD37500D2B6F5 /* LSFLog.swift */; };
		4E9689AC224DDDFF00D2B6F5 /* FailCell.swift in Sources */ = {isa = PBXBuildFile; fileRef = 4E9689AB224DDDFF00D2B6F5 /* FailCell.swift */; };
		9FCDD3DC9F53984D43BF2B98 /* libPods-LiveStreamFails.a in Frameworks */ = {isa = PBXBuildFile; fileRef = 842D2ED1AF48DE4E4FE0065E /* libPods-LiveStreamFails.a */; };
/* End PBXBuildFile section */

/* Begin PBXFileReference section */
		4E007AF22259348F0043D3D6 /* UIColorExt.swift */ = {isa = PBXFileReference; fileEncoding = 4; lastKnownFileType = sourcecode.swift; path = UIColorExt.swift; sourceTree = "<group>"; };
		4E03369B2262589800155975 /* UserDetailViewController.swift */ = {isa = PBXFileReference; lastKnownFileType = sourcecode.swift; path = UserDetailViewController.swift; sourceTree = "<group>"; };
		4E03369D2262737D00155975 /* UserInfoHeader.swift */ = {isa = PBXFileReference; lastKnownFileType = sourcecode.swift; path = UserInfoHeader.swift; sourceTree = "<group>"; };
		4E03369F22627A8C00155975 /* UserFailCell.swift */ = {isa = PBXFileReference; lastKnownFileType = sourcecode.swift; path = UserFailCell.swift; sourceTree = "<group>"; };
		4E0336A1226292F200155975 /* Constants.swift */ = {isa = PBXFileReference; lastKnownFileType = sourcecode.swift; path = Constants.swift; sourceTree = "<group>"; };
		4E7F36A7227024BF00D73704 /* HoverViewFlowLayout.swift */ = {isa = PBXFileReference; lastKnownFileType = sourcecode.swift; path = HoverViewFlowLayout.swift; sourceTree = "<group>"; };
		4E968987224DCD9000D2B6F5 /* LiveStreamFails.app */ = {isa = PBXFileReference; explicitFileType = wrapper.application; includeInIndex = 0; path = LiveStreamFails.app; sourceTree = BUILT_PRODUCTS_DIR; };
		4E96898A224DCD9000D2B6F5 /* AppDelegate.swift */ = {isa = PBXFileReference; lastKnownFileType = sourcecode.swift; path = AppDelegate.swift; sourceTree = "<group>"; };
		4E96898F224DCD9000D2B6F5 /* Base */ = {isa = PBXFileReference; lastKnownFileType = file.storyboard; name = Base; path = Base.lproj/Main.storyboard; sourceTree = "<group>"; };
		4E968991224DCD9100D2B6F5 /* Assets.xcassets */ = {isa = PBXFileReference; lastKnownFileType = folder.assetcatalog; path = Assets.xcassets; sourceTree = "<group>"; };
		4E968994224DCD9100D2B6F5 /* Base */ = {isa = PBXFileReference; lastKnownFileType = file.storyboard; name = Base; path = Base.lproj/LaunchScreen.storyboard; sourceTree = "<group>"; };
		4E968996224DCD9100D2B6F5 /* Info.plist */ = {isa = PBXFileReference; lastKnownFileType = text.plist.xml; path = Info.plist; sourceTree = "<group>"; };
		4E96899D224DCEC300D2B6F5 /* FailViewController.swift */ = {isa = PBXFileReference; lastKnownFileType = sourcecode.swift; path = FailViewController.swift; sourceTree = "<group>"; };
		4E9689A0224DD08400D2B6F5 /* Models.swift */ = {isa = PBXFileReference; fileEncoding = 4; lastKnownFileType = sourcecode.swift; path = Models.swift; sourceTree = "<group>"; };
		4E9689A3224DD12500D2B6F5 /* LSFService.swift */ = {isa = PBXFileReference; fileEncoding = 4; lastKnownFileType = sourcecode.swift; path = LSFService.swift; sourceTree = "<group>"; };
		4E9689A4224DD12500D2B6F5 /* LSFNetworkService.swift */ = {isa = PBXFileReference; fileEncoding = 4; lastKnownFileType = sourcecode.swift; path = LSFNetworkService.swift; sourceTree = "<group>"; };
		4E9689A8224DD37500D2B6F5 /* LSFLog.swift */ = {isa = PBXFileReference; fileEncoding = 4; lastKnownFileType = sourcecode.swift; path = LSFLog.swift; sourceTree = "<group>"; };
		4E9689AB224DDDFF00D2B6F5 /* FailCell.swift */ = {isa = PBXFileReference; lastKnownFileType = sourcecode.swift; path = FailCell.swift; sourceTree = "<group>"; };
		4E9689AF22531CF300D2B6F5 /* LiveStreamFails-Bridging-Header.h */ = {isa = PBXFileReference; fileEncoding = 4; lastKnownFileType = sourcecode.c.h; path = "LiveStreamFails-Bridging-Header.h"; sourceTree = "<group>"; };
		4F52A2E8DBA8DFA23729851A /* Pods-LiveStreamFails.release.xcconfig */ = {isa = PBXFileReference; includeInIndex = 1; lastKnownFileType = text.xcconfig; name = "Pods-LiveStreamFails.release.xcconfig"; path = "Target Support Files/Pods-LiveStreamFails/Pods-LiveStreamFails.release.xcconfig"; sourceTree = "<group>"; };
		842D2ED1AF48DE4E4FE0065E /* libPods-LiveStreamFails.a */ = {isa = PBXFileReference; explicitFileType = archive.ar; includeInIndex = 0; path = "libPods-LiveStreamFails.a"; sourceTree = BUILT_PRODUCTS_DIR; };
		BF28E22773DB86BDF2B71AAC /* Pods-LiveStreamFails.debug.xcconfig */ = {isa = PBXFileReference; includeInIndex = 1; lastKnownFileType = text.xcconfig; name = "Pods-LiveStreamFails.debug.xcconfig"; path = "Target Support Files/Pods-LiveStreamFails/Pods-LiveStreamFails.debug.xcconfig"; sourceTree = "<group>"; };
/* End PBXFileReference section */

/* Begin PBXFrameworksBuildPhase section */
		4E968984224DCD9000D2B6F5 /* Frameworks */ = {
			isa = PBXFrameworksBuildPhase;
			buildActionMask = 2147483647;
			files = (
				9FCDD3DC9F53984D43BF2B98 /* libPods-LiveStreamFails.a in Frameworks */,
			);
			runOnlyForDeploymentPostprocessing = 0;
		};
/* End PBXFrameworksBuildPhase section */

/* Begin PBXGroup section */
		0804DFCC1EE2EE8F973BE92C /* Frameworks */ = {
			isa = PBXGroup;
			children = (
				842D2ED1AF48DE4E4FE0065E /* libPods-LiveStreamFails.a */,
			);
			name = Frameworks;
			sourceTree = "<group>";
		};
		4E007AF12259348F0043D3D6 /* Extensions */ = {
			isa = PBXGroup;
			children = (
				4E007AF22259348F0043D3D6 /* UIColorExt.swift */,
			);
			path = Extensions;
			sourceTree = "<group>";
		};
		4E96897E224DCD9000D2B6F5 = {
			isa = PBXGroup;
			children = (
				4E968989224DCD9000D2B6F5 /* LiveStreamFails */,
				4E968988224DCD9000D2B6F5 /* Products */,
				F9A1ED0D11E1D644FF8F6BDB /* Pods */,
				0804DFCC1EE2EE8F973BE92C /* Frameworks */,
			);
			sourceTree = "<group>";
		};
		4E968988224DCD9000D2B6F5 /* Products */ = {
			isa = PBXGroup;
			children = (
				4E968987224DCD9000D2B6F5 /* LiveStreamFails.app */,
			);
			name = Products;
			sourceTree = "<group>";
		};
		4E968989224DCD9000D2B6F5 /* LiveStreamFails */ = {
			isa = PBXGroup;
			children = (
				4E007AF12259348F0043D3D6 /* Extensions */,
				4E9689AA224DDD8A00D2B6F5 /* Views */,
				4E9689A7224DD36000D2B6F5 /* Helpers */,
				4E9689A2224DD12500D2B6F5 /* Services */,
				4E96899F224DD06900D2B6F5 /* Models */,
				4E96899C224DCE7000D2B6F5 /* ViewControllers */,
				4E96898A224DCD9000D2B6F5 /* AppDelegate.swift */,
				4E96898E224DCD9000D2B6F5 /* Main.storyboard */,
				4E968991224DCD9100D2B6F5 /* Assets.xcassets */,
				4E968993224DCD9100D2B6F5 /* LaunchScreen.storyboard */,
				4E9689AF22531CF300D2B6F5 /* LiveStreamFails-Bridging-Header.h */,
				4E968996224DCD9100D2B6F5 /* Info.plist */,
			);
			path = LiveStreamFails;
			sourceTree = "<group>";
		};
		4E96899C224DCE7000D2B6F5 /* ViewControllers */ = {
			isa = PBXGroup;
			children = (
				4E96899D224DCEC300D2B6F5 /* FailViewController.swift */,
				4E03369B2262589800155975 /* UserDetailViewController.swift */,
				4E7F36A7227024BF00D73704 /* HoverViewFlowLayout.swift */,
			);
			path = ViewControllers;
			sourceTree = "<group>";
		};
		4E96899F224DD06900D2B6F5 /* Models */ = {
			isa = PBXGroup;
			children = (
				4E9689A0224DD08400D2B6F5 /* Models.swift */,
			);
			path = Models;
			sourceTree = "<group>";
		};
		4E9689A2224DD12500D2B6F5 /* Services */ = {
			isa = PBXGroup;
			children = (
				4E9689A3224DD12500D2B6F5 /* LSFService.swift */,
				4E9689A4224DD12500D2B6F5 /* LSFNetworkService.swift */,
			);
			path = Services;
			sourceTree = "<group>";
		};
		4E9689A7224DD36000D2B6F5 /* Helpers */ = {
			isa = PBXGroup;
			children = (
				4E9689A8224DD37500D2B6F5 /* LSFLog.swift */,
				4E0336A1226292F200155975 /* Constants.swift */,
			);
			path = Helpers;
			sourceTree = "<group>";
		};
		4E9689AA224DDD8A00D2B6F5 /* Views */ = {
			isa = PBXGroup;
			children = (
				4E9689AB224DDDFF00D2B6F5 /* FailCell.swift */,
				4E03369D2262737D00155975 /* UserInfoHeader.swift */,
				4E03369F22627A8C00155975 /* UserFailCell.swift */,
			);
			path = Views;
			sourceTree = "<group>";
		};
		F9A1ED0D11E1D644FF8F6BDB /* Pods */ = {
			isa = PBXGroup;
			children = (
				BF28E22773DB86BDF2B71AAC /* Pods-LiveStreamFails.debug.xcconfig */,
				4F52A2E8DBA8DFA23729851A /* Pods-LiveStreamFails.release.xcconfig */,
			);
			path = Pods;
			sourceTree = "<group>";
		};
/* End PBXGroup section */

/* Begin PBXNativeTarget section */
		4E968986224DCD9000D2B6F5 /* LiveStreamFails */ = {
			isa = PBXNativeTarget;
			buildConfigurationList = 4E968999224DCD9100D2B6F5 /* Build configuration list for PBXNativeTarget "LiveStreamFails" */;
			buildPhases = (
				B1EABBE5C6C62F531CCCE387 /* [CP] Check Pods Manifest.lock */,
				4E968983224DCD9000D2B6F5 /* Sources */,
				4E968984224DCD9000D2B6F5 /* Frameworks */,
				4E968985224DCD9000D2B6F5 /* Resources */,
				5B8C5802B323FFCD7487D80E /* [CP] Copy Pods Resources */,
			);
			buildRules = (
			);
			dependencies = (
			);
			name = LiveStreamFails;
			productName = LiveStreamFails;
			productReference = 4E968987224DCD9000D2B6F5 /* LiveStreamFails.app */;
			productType = "com.apple.product-type.application";
		};
/* End PBXNativeTarget section */

/* Begin PBXProject section */
		4E96897F224DCD9000D2B6F5 /* Project object */ = {
			isa = PBXProject;
			attributes = {
				LastSwiftUpdateCheck = 1010;
				LastUpgradeCheck = 1010;
				ORGANIZATIONNAME = "Jenson Chen";
				TargetAttributes = {
					4E968986224DCD9000D2B6F5 = {
						CreatedOnToolsVersion = 10.1;
					};
				};
			};
			buildConfigurationList = 4E968982224DCD9000D2B6F5 /* Build configuration list for PBXProject "LiveStreamFails" */;
			compatibilityVersion = "Xcode 9.3";
			developmentRegion = en;
			hasScannedForEncodings = 0;
			knownRegions = (
				en,
				Base,
			);
			mainGroup = 4E96897E224DCD9000D2B6F5;
			productRefGroup = 4E968988224DCD9000D2B6F5 /* Products */;
			projectDirPath = "";
			projectRoot = "";
			targets = (
				4E968986224DCD9000D2B6F5 /* LiveStreamFails */,
			);
		};
/* End PBXProject section */

/* Begin PBXResourcesBuildPhase section */
		4E968985224DCD9000D2B6F5 /* Resources */ = {
			isa = PBXResourcesBuildPhase;
			buildActionMask = 2147483647;
			files = (
				4E968995224DCD9100D2B6F5 /* LaunchScreen.storyboard in Resources */,
				4E968992224DCD9100D2B6F5 /* Assets.xcassets in Resources */,
				4E968990224DCD9000D2B6F5 /* Main.storyboard in Resources */,
			);
			runOnlyForDeploymentPostprocessing = 0;
		};
/* End PBXResourcesBuildPhase section */

/* Begin PBXShellScriptBuildPhase section */
		5B8C5802B323FFCD7487D80E /* [CP] Copy Pods Resources */ = {
			isa = PBXShellScriptBuildPhase;
			buildActionMask = 2147483647;
			files = (
			);
			inputFileListPaths = (
			);
			inputPaths = (
				"${PODS_ROOT}/Target Support Files/Pods-LiveStreamFails/Pods-LiveStreamFails-resources.sh",
				"${PODS_CONFIGURATION_BUILD_DIR}/ESPullToRefresh/ESPullToRefresh.bundle",
				"${PODS_ROOT}/ZFPlayer/ZFPlayer/Classes/ControlView/ZFPlayer.bundle",
			);
			name = "[CP] Copy Pods Resources";
			outputFileListPaths = (
			);
			outputPaths = (
				"${TARGET_BUILD_DIR}/${UNLOCALIZED_RESOURCES_FOLDER_PATH}/ESPullToRefresh.bundle",
				"${TARGET_BUILD_DIR}/${UNLOCALIZED_RESOURCES_FOLDER_PATH}/ZFPlayer.bundle",
			);
			runOnlyForDeploymentPostprocessing = 0;
			shellPath = /bin/sh;
			shellScript = "\"${PODS_ROOT}/Target Support Files/Pods-LiveStreamFails/Pods-LiveStreamFails-resources.sh\"\n";
			showEnvVarsInLog = 0;
		};
		B1EABBE5C6C62F531CCCE387 /* [CP] Check Pods Manifest.lock */ = {
			isa = PBXShellScriptBuildPhase;
			buildActionMask = 2147483647;
			files = (
			);
			inputFileListPaths = (
			);
			inputPaths = (
				"${PODS_PODFILE_DIR_PATH}/Podfile.lock",
				"${PODS_ROOT}/Manifest.lock",
			);
			name = "[CP] Check Pods Manifest.lock";
			outputFileListPaths = (
			);
			outputPaths = (
				"$(DERIVED_FILE_DIR)/Pods-LiveStreamFails-checkManifestLockResult.txt",
			);
			runOnlyForDeploymentPostprocessing = 0;
			shellPath = /bin/sh;
			shellScript = "diff \"${PODS_PODFILE_DIR_PATH}/Podfile.lock\" \"${PODS_ROOT}/Manifest.lock\" > /dev/null\nif [ $? != 0 ] ; then\n    # print error to STDERR\n    echo \"error: The sandbox is not in sync with the Podfile.lock. Run 'pod install' or update your CocoaPods installation.\" >&2\n    exit 1\nfi\n# This output is used by Xcode 'outputs' to avoid re-running this script phase.\necho \"SUCCESS\" > \"${SCRIPT_OUTPUT_FILE_0}\"\n";
			showEnvVarsInLog = 0;
		};
/* End PBXShellScriptBuildPhase section */

/* Begin PBXSourcesBuildPhase section */
		4E968983224DCD9000D2B6F5 /* Sources */ = {
			isa = PBXSourcesBuildPhase;
			buildActionMask = 2147483647;
			files = (
				4E9689A6224DD12500D2B6F5 /* LSFNetworkService.swift in Sources */,
				4E7F36A8227024BF00D73704 /* HoverViewFlowLayout.swift in Sources */,
				4E007AF32259348F0043D3D6 /* UIColorExt.swift in Sources */,
				4E03369C2262589800155975 /* UserDetailViewController.swift in Sources */,
				4E0336A022627A8C00155975 /* UserFailCell.swift in Sources */,
				4E9689A1224DD08400D2B6F5 /* Models.swift in Sources */,
				4E9689AC224DDDFF00D2B6F5 /* FailCell.swift in Sources */,
				4E96899E224DCEC300D2B6F5 /* FailViewController.swift in Sources */,
				4E96898B224DCD9000D2B6F5 /* AppDelegate.swift in Sources */,
				4E9689A9224DD37500D2B6F5 /* LSFLog.swift in Sources */,
				4E9689A5224DD12500D2B6F5 /* LSFService.swift in Sources */,
				4E03369E2262737D00155975 /* UserInfoHeader.swift in Sources */,
				4E0336A2226292F200155975 /* Constants.swift in Sources */,
			);
			runOnlyForDeploymentPostprocessing = 0;
		};
/* End PBXSourcesBuildPhase section */

/* Begin PBXVariantGroup section */
		4E96898E224DCD9000D2B6F5 /* Main.storyboard */ = {
			isa = PBXVariantGroup;
			children = (
				4E96898F224DCD9000D2B6F5 /* Base */,
			);
			name = Main.storyboard;
			sourceTree = "<group>";
		};
		4E968993224DCD9100D2B6F5 /* LaunchScreen.storyboard */ = {
			isa = PBXVariantGroup;
			children = (
				4E968994224DCD9100D2B6F5 /* Base */,
			);
			name = LaunchScreen.storyboard;
			sourceTree = "<group>";
		};
/* End PBXVariantGroup section */

/* Begin XCBuildConfiguration section */
		4E968997224DCD9100D2B6F5 /* Debug */ = {
			isa = XCBuildConfiguration;
			buildSettings = {
				ALWAYS_SEARCH_USER_PATHS = NO;
				CLANG_ANALYZER_NONNULL = YES;
				CLANG_ANALYZER_NUMBER_OBJECT_CONVERSION = YES_AGGRESSIVE;
				CLANG_CXX_LANGUAGE_STANDARD = "gnu++14";
				CLANG_CXX_LIBRARY = "libc++";
				CLANG_ENABLE_MODULES = YES;
				CLANG_ENABLE_OBJC_ARC = YES;
				CLANG_ENABLE_OBJC_WEAK = YES;
				CLANG_WARN_BLOCK_CAPTURE_AUTORELEASING = YES;
				CLANG_WARN_BOOL_CONVERSION = YES;
				CLANG_WARN_COMMA = YES;
				CLANG_WARN_CONSTANT_CONVERSION = YES;
				CLANG_WARN_DEPRECATED_OBJC_IMPLEMENTATIONS = YES;
				CLANG_WARN_DIRECT_OBJC_ISA_USAGE = YES_ERROR;
				CLANG_WARN_DOCUMENTATION_COMMENTS = YES;
				CLANG_WARN_EMPTY_BODY = YES;
				CLANG_WARN_ENUM_CONVERSION = YES;
				CLANG_WARN_INFINITE_RECURSION = YES;
				CLANG_WARN_INT_CONVERSION = YES;
				CLANG_WARN_NON_LITERAL_NULL_CONVERSION = YES;
				CLANG_WARN_OBJC_IMPLICIT_RETAIN_SELF = YES;
				CLANG_WARN_OBJC_LITERAL_CONVERSION = YES;
				CLANG_WARN_OBJC_ROOT_CLASS = YES_ERROR;
				CLANG_WARN_RANGE_LOOP_ANALYSIS = YES;
				CLANG_WARN_STRICT_PROTOTYPES = YES;
				CLANG_WARN_SUSPICIOUS_MOVE = YES;
				CLANG_WARN_UNGUARDED_AVAILABILITY = YES_AGGRESSIVE;
				CLANG_WARN_UNREACHABLE_CODE = YES;
				CLANG_WARN__DUPLICATE_METHOD_MATCH = YES;
				CODE_SIGN_IDENTITY = "iPhone Developer";
				COPY_PHASE_STRIP = NO;
				DEBUG_INFORMATION_FORMAT = dwarf;
				ENABLE_STRICT_OBJC_MSGSEND = YES;
				ENABLE_TESTABILITY = YES;
				GCC_C_LANGUAGE_STANDARD = gnu11;
				GCC_DYNAMIC_NO_PIC = NO;
				GCC_NO_COMMON_BLOCKS = YES;
				GCC_OPTIMIZATION_LEVEL = 0;
				GCC_PREPROCESSOR_DEFINITIONS = (
					"DEBUG=1",
					"$(inherited)",
				);
				GCC_WARN_64_TO_32_BIT_CONVERSION = YES;
				GCC_WARN_ABOUT_RETURN_TYPE = YES_ERROR;
				GCC_WARN_UNDECLARED_SELECTOR = YES;
				GCC_WARN_UNINITIALIZED_AUTOS = YES_AGGRESSIVE;
				GCC_WARN_UNUSED_FUNCTION = YES;
				GCC_WARN_UNUSED_VARIABLE = YES;
				IPHONEOS_DEPLOYMENT_TARGET = 9.0;
				MTL_ENABLE_DEBUG_INFO = INCLUDE_SOURCE;
				MTL_FAST_MATH = YES;
				ONLY_ACTIVE_ARCH = YES;
				SDKROOT = iphoneos;
				SWIFT_ACTIVE_COMPILATION_CONDITIONS = DEBUG;
				SWIFT_OPTIMIZATION_LEVEL = "-Onone";
				SWIFT_VERSION = 4.2;
			};
			name = Debug;
		};
		4E968998224DCD9100D2B6F5 /* Release */ = {
			isa = XCBuildConfiguration;
			buildSettings = {
				ALWAYS_SEARCH_USER_PATHS = NO;
				CLANG_ANALYZER_NONNULL = YES;
				CLANG_ANALYZER_NUMBER_OBJECT_CONVERSION = YES_AGGRESSIVE;
				CLANG_CXX_LANGUAGE_STANDARD = "gnu++14";
				CLANG_CXX_LIBRARY = "libc++";
				CLANG_ENABLE_MODULES = YES;
				CLANG_ENABLE_OBJC_ARC = YES;
				CLANG_ENABLE_OBJC_WEAK = YES;
				CLANG_WARN_BLOCK_CAPTURE_AUTORELEASING = YES;
				CLANG_WARN_BOOL_CONVERSION = YES;
				CLANG_WARN_COMMA = YES;
				CLANG_WARN_CONSTANT_CONVERSION = YES;
				CLANG_WARN_DEPRECATED_OBJC_IMPLEMENTATIONS = YES;
				CLANG_WARN_DIRECT_OBJC_ISA_USAGE = YES_ERROR;
				CLANG_WARN_DOCUMENTATION_COMMENTS = YES;
				CLANG_WARN_EMPTY_BODY = YES;
				CLANG_WARN_ENUM_CONVERSION = YES;
				CLANG_WARN_INFINITE_RECURSION = YES;
				CLANG_WARN_INT_CONVERSION = YES;
				CLANG_WARN_NON_LITERAL_NULL_CONVERSION = YES;
				CLANG_WARN_OBJC_IMPLICIT_RETAIN_SELF = YES;
				CLANG_WARN_OBJC_LITERAL_CONVERSION = YES;
				CLANG_WARN_OBJC_ROOT_CLASS = YES_ERROR;
				CLANG_WARN_RANGE_LOOP_ANALYSIS = YES;
				CLANG_WARN_STRICT_PROTOTYPES = YES;
				CLANG_WARN_SUSPICIOUS_MOVE = YES;
				CLANG_WARN_UNGUARDED_AVAILABILITY = YES_AGGRESSIVE;
				CLANG_WARN_UNREACHABLE_CODE = YES;
				CLANG_WARN__DUPLICATE_METHOD_MATCH = YES;
				CODE_SIGN_IDENTITY = "iPhone Developer";
				COPY_PHASE_STRIP = NO;
				DEBUG_INFORMATION_FORMAT = "dwarf-with-dsym";
				ENABLE_NS_ASSERTIONS = NO;
				ENABLE_STRICT_OBJC_MSGSEND = YES;
				GCC_C_LANGUAGE_STANDARD = gnu11;
				GCC_NO_COMMON_BLOCKS = YES;
				GCC_WARN_64_TO_32_BIT_CONVERSION = YES;
				GCC_WARN_ABOUT_RETURN_TYPE = YES_ERROR;
				GCC_WARN_UNDECLARED_SELECTOR = YES;
				GCC_WARN_UNINITIALIZED_AUTOS = YES_AGGRESSIVE;
				GCC_WARN_UNUSED_FUNCTION = YES;
				GCC_WARN_UNUSED_VARIABLE = YES;
				IPHONEOS_DEPLOYMENT_TARGET = 9.0;
				MTL_ENABLE_DEBUG_INFO = NO;
				MTL_FAST_MATH = YES;
				SDKROOT = iphoneos;
				SWIFT_COMPILATION_MODE = wholemodule;
				SWIFT_OPTIMIZATION_LEVEL = "-O";
				SWIFT_VERSION = 4.2;
				VALIDATE_PRODUCT = YES;
			};
			name = Release;
		};
		4E96899A224DCD9100D2B6F5 /* Debug */ = {
			isa = XCBuildConfiguration;
			baseConfigurationReference = BF28E22773DB86BDF2B71AAC /* Pods-LiveStreamFails.debug.xcconfig */;
			buildSettings = {
				ASSETCATALOG_COMPILER_APPICON_NAME = AppIcon;
				CODE_SIGN_STYLE = Automatic;
				DEVELOPMENT_TEAM = T96GEKCEAL;
				INFOPLIST_FILE = LiveStreamFails/Info.plist;
				LD_RUNPATH_SEARCH_PATHS = (
					"$(inherited)",
					"@executable_path/Frameworks",
				);
				PRODUCT_BUNDLE_IDENTIFIER = com.shorcir.LiveStreamFails;
				PRODUCT_NAME = "$(TARGET_NAME)";
				SWIFT_OBJC_BRIDGING_HEADER = "LiveStreamFails/LiveStreamFails-Bridging-Header.h";
				SWIFT_VERSION = 4.2;
				TARGETED_DEVICE_FAMILY = 1;
			};
			name = Debug;
		};
		4E96899B224DCD9100D2B6F5 /* Release */ = {
			isa = XCBuildConfiguration;
			baseConfigurationReference = 4F52A2E8DBA8DFA23729851A /* Pods-LiveStreamFails.release.xcconfig */;
			buildSettings = {
				ASSETCATALOG_COMPILER_APPICON_NAME = AppIcon;
				CODE_SIGN_STYLE = Automatic;
				DEVELOPMENT_TEAM = T96GEKCEAL;
				INFOPLIST_FILE = LiveStreamFails/Info.plist;
				LD_RUNPATH_SEARCH_PATHS = (
					"$(inherited)",
					"@executable_path/Frameworks",
				);
				PRODUCT_BUNDLE_IDENTIFIER = com.shorcir.LiveStreamFails;
				PRODUCT_NAME = "$(TARGET_NAME)";
				SWIFT_OBJC_BRIDGING_HEADER = "LiveStreamFails/LiveStreamFails-Bridging-Header.h";
				SWIFT_VERSION = 4.2;
				TARGETED_DEVICE_FAMILY = 1;
			};
			name = Release;
		};
/* End XCBuildConfiguration section */

/* Begin XCConfigurationList section */
		4E968982224DCD9000D2B6F5 /* Build configuration list for PBXProject "LiveStreamFails" */ = {
			isa = XCConfigurationList;
			buildConfigurations = (
				4E968997224DCD9100D2B6F5 /* Debug */,
				4E968998224DCD9100D2B6F5 /* Release */,
			);
			defaultConfigurationIsVisible = 0;
			defaultConfigurationName = Release;
		};
		4E968999224DCD9100D2B6F5 /* Build configuration list for PBXNativeTarget "LiveStreamFails" */ = {
			isa = XCConfigurationList;
			buildConfigurations = (
				4E96899A224DCD9100D2B6F5 /* Debug */,
				4E96899B224DCD9100D2B6F5 /* Release */,
			);
			defaultConfigurationIsVisible = 0;
			defaultConfigurationName = Release;
		};
/* End XCConfigurationList section */
	};
	rootObject = 4E96897F224DCD9000D2B6F5 /* Project object */;
}
